
Microsoft Visual Studio Solution File, Format Version 12.00
# Visual Studio 15
VisualStudioVersion = 15.0.28307.572
MinimumVisualStudioVersion = 10.0.40219.1
Project("{FAE04EC0-301F-11D3-BF4B-00C04F79EFBC}") = "AzureADConsole", "AzureADConsole\AzureADConsole.csproj", "{CF53B5CA-95FA-4DD2-BF3A-E1BC6D813DF4}"
EndProject
Global
	GlobalSection(SolutionConfigurationPlatforms) = preSolution
		Debug|Any CPU = Debug|Any CPU
		Release|Any CPU = Release|Any CPU
	EndGlobalSection
	GlobalSection(ProjectConfigurationPlatforms) = postSolution
		{CF53B5CA-95FA-4DD2-BF3A-E1BC6D813DF4}.Debug|Any CPU.ActiveCfg = Debug|Any CPU
		{CF53B5CA-95FA-4DD2-BF3A-E1BC6D813DF4}.Debug|Any CPU.Build.0 = Debug|Any CPU
		{CF53B5CA-95FA-4DD2-BF3A-E1BC6D813DF4}.Release|Any CPU.ActiveCfg = Release|Any CPU
		{CF53B5CA-95FA-4DD2-BF3A-E1BC6D813DF4}.Release|Any CPU.Build.0 = Release|Any CPU
	EndGlobalSection
	GlobalSection(SolutionProperties) = preSolution
		HideSolutionNode = FALSE
	EndGlobalSection
	GlobalSection(ExtensibilityGlobals) = postSolution
		SolutionGuid = {560C6B40-27FA-4257-A572-DD6FF299D0E1}
	EndGlobalSection
EndGlobal
