
Microsoft Visual Studio Solution File, Format Version 12.00
# Visual Studio Version 16
VisualStudioVersion = 16.0.29424.173
MinimumVisualStudioVersion = 10.0.40219.1
Project("{9A19103F-16F7-4668-BE54-9A1E7A4F7556}") = "WebApplication1", "WebApplication1\WebApplication1.csproj", "{03CCFF3B-6B39-4C34-9E14-F67AE144F38A}"
EndProject
Project("{2150E333-8FDC-42A3-9474-1A3956D46DE8}") = "Solution Items", "Solution Items", "{B8A1BBAF-F964-4175-90E1-F21006183C1F}"
	ProjectSection(SolutionItems) = preProject
		Readme.txt = Readme.txt
	EndProjectSection
EndProject
Global
	GlobalSection(SolutionConfigurationPlatforms) = preSolution
		Debug|Any CPU = Debug|Any CPU
		Release|Any CPU = Release|Any CPU
	EndGlobalSection
	GlobalSection(ProjectConfigurationPlatforms) = postSolution
		{03CCFF3B-6B39-4C34-9E14-F67AE144F38A}.Debug|Any CPU.ActiveCfg = Debug|Any CPU
		{03CCFF3B-6B39-4C34-9E14-F67AE144F38A}.Debug|Any CPU.Build.0 = Debug|Any CPU
		{03CCFF3B-6B39-4C34-9E14-F67AE144F38A}.Release|Any CPU.ActiveCfg = Release|Any CPU
		{03CCFF3B-6B39-4C34-9E14-F67AE144F38A}.Release|Any CPU.Build.0 = Release|Any CPU
	EndGlobalSection
	GlobalSection(SolutionProperties) = preSolution
		HideSolutionNode = FALSE
	EndGlobalSection
	GlobalSection(ExtensibilityGlobals) = postSolution
		SolutionGuid = {F2E34718-EB63-4B0F-8824-B43B60C8EB7D}
	EndGlobalSection
EndGlobal
