
Microsoft Visual Studio Solution File, Format Version 12.00
# Visual Studio 15
VisualStudioVersion = 15.0.28307.645
MinimumVisualStudioVersion = 10.0.40219.1
Project("{FAE04EC0-301F-11D3-BF4B-00C04F79EFBC}") = "ConsoleApp1", "ConsoleApp1\ConsoleApp1.csproj", "{CAFFADD3-2C34-4C72-AED0-ADA8EE2F66BC}"
EndProject
Project("{2150E333-8FDC-42A3-9474-1A3956D46DE8}") = "Solution Items", "Solution Items", "{8A3CD3FB-93D4-44D5-9F47-0DFE5B347F36}"
	ProjectSection(SolutionItems) = preProject
		Readme.txt = Readme.txt
	EndProjectSection
EndProject
Project("{FAE04EC0-301F-11D3-BF4B-00C04F79EFBC}") = "ConsoleApp2", "ConsoleApp2\ConsoleApp2.csproj", "{FA36A7D6-8C63-4A3C-9DE1-3151CCE1FFD0}"
EndProject
Project("{FAE04EC0-301F-11D3-BF4B-00C04F79EFBC}") = "ConsoleApp3", "ConsoleApp3\ConsoleApp3.csproj", "{D6564190-3593-4AEC-9541-88F13D30C5DB}"
EndProject
Project("{FAE04EC0-301F-11D3-BF4B-00C04F79EFBC}") = "BD.MedView.Configuration", "BD.MedView.Configuration\BD.MedView.Configuration.csproj", "{5FF1F7F6-2930-4C6E-AEC4-C1F8051E1141}"
EndProject
Project("{2150E333-8FDC-42A3-9474-1A3956D46DE8}") = "Attempts", "Attempts", "{6898ADD5-B626-41B5-9EE8-06C5FD1C1E99}"
EndProject
Project("{FAE04EC0-301F-11D3-BF4B-00C04F79EFBC}") = "BD.MedView.Services", "BD.MedView.Services\BD.MedView.Services.csproj", "{143E99E9-DA84-4BBC-A769-F5CA2B32021C}"
EndProject
Project("{FAE04EC0-301F-11D3-BF4B-00C04F79EFBC}") = "ConsoleApp4", "ConsoleApp4\ConsoleApp4.csproj", "{2C067CCD-46DE-4540-82A6-D78344C46EEB}"
EndProject
Project("{FAE04EC0-301F-11D3-BF4B-00C04F79EFBC}") = "WebApplication1", "WebApplication1\WebApplication1.csproj", "{E736E177-7AF3-48D9-9937-D212E723FED7}"
EndProject
Project("{FAE04EC0-301F-11D3-BF4B-00C04F79EFBC}") = "WebApplication2", "WebApplication2\WebApplication2.csproj", "{73691453-E856-4E1B-A6EA-67B600BE5134}"
EndProject
Project("{FAE04EC0-301F-11D3-BF4B-00C04F79EFBC}") = "ConsoleApp5", "ConsoleApp5\ConsoleApp5.csproj", "{78AC6FC3-26AC-427C-B7DF-8C1DEAE47905}"
EndProject
Project("{FAE04EC0-301F-11D3-BF4B-00C04F79EFBC}") = "ConsoleApp6", "ConsoleApp6\ConsoleApp6.csproj", "{A523A866-2713-4C28-B5CA-E6E963E3F93A}"
EndProject
Project("{FAE04EC0-301F-11D3-BF4B-00C04F79EFBC}") = "ConsoleApp7", "ConsoleApp7\ConsoleApp7.csproj", "{271E6441-3BFF-4EBB-9D95-F49C6E2A2270}"
EndProject
Global
	GlobalSection(SolutionConfigurationPlatforms) = preSolution
		Debug|Any CPU = Debug|Any CPU
		Release|Any CPU = Release|Any CPU
	EndGlobalSection
	GlobalSection(ProjectConfigurationPlatforms) = postSolution
		{CAFFADD3-2C34-4C72-AED0-ADA8EE2F66BC}.Debug|Any CPU.ActiveCfg = Debug|Any CPU
		{CAFFADD3-2C34-4C72-AED0-ADA8EE2F66BC}.Debug|Any CPU.Build.0 = Debug|Any CPU
		{CAFFADD3-2C34-4C72-AED0-ADA8EE2F66BC}.Release|Any CPU.ActiveCfg = Release|Any CPU
		{CAFFADD3-2C34-4C72-AED0-ADA8EE2F66BC}.Release|Any CPU.Build.0 = Release|Any CPU
		{FA36A7D6-8C63-4A3C-9DE1-3151CCE1FFD0}.Debug|Any CPU.ActiveCfg = Debug|Any CPU
		{FA36A7D6-8C63-4A3C-9DE1-3151CCE1FFD0}.Debug|Any CPU.Build.0 = Debug|Any CPU
		{FA36A7D6-8C63-4A3C-9DE1-3151CCE1FFD0}.Release|Any CPU.ActiveCfg = Release|Any CPU
		{FA36A7D6-8C63-4A3C-9DE1-3151CCE1FFD0}.Release|Any CPU.Build.0 = Release|Any CPU
		{D6564190-3593-4AEC-9541-88F13D30C5DB}.Debug|Any CPU.ActiveCfg = Debug|Any CPU
		{D6564190-3593-4AEC-9541-88F13D30C5DB}.Debug|Any CPU.Build.0 = Debug|Any CPU
		{D6564190-3593-4AEC-9541-88F13D30C5DB}.Release|Any CPU.ActiveCfg = Release|Any CPU
		{D6564190-3593-4AEC-9541-88F13D30C5DB}.Release|Any CPU.Build.0 = Release|Any CPU
		{5FF1F7F6-2930-4C6E-AEC4-C1F8051E1141}.Debug|Any CPU.ActiveCfg = Debug|Any CPU
		{5FF1F7F6-2930-4C6E-AEC4-C1F8051E1141}.Debug|Any CPU.Build.0 = Debug|Any CPU
		{5FF1F7F6-2930-4C6E-AEC4-C1F8051E1141}.Release|Any CPU.ActiveCfg = Release|Any CPU
		{5FF1F7F6-2930-4C6E-AEC4-C1F8051E1141}.Release|Any CPU.Build.0 = Release|Any CPU
		{143E99E9-DA84-4BBC-A769-F5CA2B32021C}.Debug|Any CPU.ActiveCfg = Debug|Any CPU
		{143E99E9-DA84-4BBC-A769-F5CA2B32021C}.Debug|Any CPU.Build.0 = Debug|Any CPU
		{143E99E9-DA84-4BBC-A769-F5CA2B32021C}.Release|Any CPU.ActiveCfg = Release|Any CPU
		{143E99E9-DA84-4BBC-A769-F5CA2B32021C}.Release|Any CPU.Build.0 = Release|Any CPU
		{2C067CCD-46DE-4540-82A6-D78344C46EEB}.Debug|Any CPU.ActiveCfg = Debug|Any CPU
		{2C067CCD-46DE-4540-82A6-D78344C46EEB}.Debug|Any CPU.Build.0 = Debug|Any CPU
		{2C067CCD-46DE-4540-82A6-D78344C46EEB}.Release|Any CPU.ActiveCfg = Release|Any CPU
		{2C067CCD-46DE-4540-82A6-D78344C46EEB}.Release|Any CPU.Build.0 = Release|Any CPU
		{E736E177-7AF3-48D9-9937-D212E723FED7}.Debug|Any CPU.ActiveCfg = Debug|Any CPU
		{E736E177-7AF3-48D9-9937-D212E723FED7}.Debug|Any CPU.Build.0 = Debug|Any CPU
		{E736E177-7AF3-48D9-9937-D212E723FED7}.Release|Any CPU.ActiveCfg = Release|Any CPU
		{E736E177-7AF3-48D9-9937-D212E723FED7}.Release|Any CPU.Build.0 = Release|Any CPU
		{73691453-E856-4E1B-A6EA-67B600BE5134}.Debug|Any CPU.ActiveCfg = Debug|Any CPU
		{73691453-E856-4E1B-A6EA-67B600BE5134}.Debug|Any CPU.Build.0 = Debug|Any CPU
		{73691453-E856-4E1B-A6EA-67B600BE5134}.Release|Any CPU.ActiveCfg = Release|Any CPU
		{73691453-E856-4E1B-A6EA-67B600BE5134}.Release|Any CPU.Build.0 = Release|Any CPU
		{78AC6FC3-26AC-427C-B7DF-8C1DEAE47905}.Debug|Any CPU.ActiveCfg = Debug|Any CPU
		{78AC6FC3-26AC-427C-B7DF-8C1DEAE47905}.Debug|Any CPU.Build.0 = Debug|Any CPU
		{78AC6FC3-26AC-427C-B7DF-8C1DEAE47905}.Release|Any CPU.ActiveCfg = Release|Any CPU
		{78AC6FC3-26AC-427C-B7DF-8C1DEAE47905}.Release|Any CPU.Build.0 = Release|Any CPU
		{A523A866-2713-4C28-B5CA-E6E963E3F93A}.Debug|Any CPU.ActiveCfg = Debug|Any CPU
		{A523A866-2713-4C28-B5CA-E6E963E3F93A}.Debug|Any CPU.Build.0 = Debug|Any CPU
		{A523A866-2713-4C28-B5CA-E6E963E3F93A}.Release|Any CPU.ActiveCfg = Release|Any CPU
		{A523A866-2713-4C28-B5CA-E6E963E3F93A}.Release|Any CPU.Build.0 = Release|Any CPU
		{271E6441-3BFF-4EBB-9D95-F49C6E2A2270}.Debug|Any CPU.ActiveCfg = Debug|Any CPU
		{271E6441-3BFF-4EBB-9D95-F49C6E2A2270}.Debug|Any CPU.Build.0 = Debug|Any CPU
		{271E6441-3BFF-4EBB-9D95-F49C6E2A2270}.Release|Any CPU.ActiveCfg = Release|Any CPU
		{271E6441-3BFF-4EBB-9D95-F49C6E2A2270}.Release|Any CPU.Build.0 = Release|Any CPU
	EndGlobalSection
	GlobalSection(SolutionProperties) = preSolution
		HideSolutionNode = FALSE
	EndGlobalSection
	GlobalSection(NestedProjects) = preSolution
		{CAFFADD3-2C34-4C72-AED0-ADA8EE2F66BC} = {6898ADD5-B626-41B5-9EE8-06C5FD1C1E99}
		{FA36A7D6-8C63-4A3C-9DE1-3151CCE1FFD0} = {6898ADD5-B626-41B5-9EE8-06C5FD1C1E99}
		{D6564190-3593-4AEC-9541-88F13D30C5DB} = {6898ADD5-B626-41B5-9EE8-06C5FD1C1E99}
		{5FF1F7F6-2930-4C6E-AEC4-C1F8051E1141} = {6898ADD5-B626-41B5-9EE8-06C5FD1C1E99}
		{143E99E9-DA84-4BBC-A769-F5CA2B32021C} = {6898ADD5-B626-41B5-9EE8-06C5FD1C1E99}
		{2C067CCD-46DE-4540-82A6-D78344C46EEB} = {6898ADD5-B626-41B5-9EE8-06C5FD1C1E99}
		{E736E177-7AF3-48D9-9937-D212E723FED7} = {6898ADD5-B626-41B5-9EE8-06C5FD1C1E99}
		{73691453-E856-4E1B-A6EA-67B600BE5134} = {6898ADD5-B626-41B5-9EE8-06C5FD1C1E99}
	EndGlobalSection
	GlobalSection(ExtensibilityGlobals) = postSolution
		SolutionGuid = {0C526773-EA4A-4D83-A753-1BBA61E8FB58}
	EndGlobalSection
EndGlobal
