
Microsoft Visual Studio Solution File, Format Version 12.00
# Visual Studio 15
VisualStudioVersion = 15.0.28307.329
MinimumVisualStudioVersion = 10.0.40219.1
Project("{FAE04EC0-301F-11D3-BF4B-00C04F79EFBC}") = "MedMined.HsvIntegration.WebApi.DataAccess.Dto.Alerts", "MedMined.HsvIntegration.WebApi.DataAccess.Dto.Alerts\MedMined.HsvIntegration.WebApi.DataAccess.Dto.Alerts.csproj", "{56BBE344-30D6-4CE6-9C17-7AB68B54276A}"
EndProject
Project("{FAE04EC0-301F-11D3-BF4B-00C04F79EFBC}") = "BD.MedView.Data.Services.Services.HsvIntegration", "BD.MedView.Data.Services.Services.HsvIntegration\BD.MedView.Data.Services.Services.HsvIntegration.csproj", "{C697DAE6-BA9D-46FF-B7DA-22C947571A99}"
EndProject
Global
	GlobalSection(SolutionConfigurationPlatforms) = preSolution
		Debug|Any CPU = Debug|Any CPU
		Release|Any CPU = Release|Any CPU
	EndGlobalSection
	GlobalSection(ProjectConfigurationPlatforms) = postSolution
		{56BBE344-30D6-4CE6-9C17-7AB68B54276A}.Debug|Any CPU.ActiveCfg = Debug|Any CPU
		{56BBE344-30D6-4CE6-9C17-7AB68B54276A}.Debug|Any CPU.Build.0 = Debug|Any CPU
		{56BBE344-30D6-4CE6-9C17-7AB68B54276A}.Release|Any CPU.ActiveCfg = Release|Any CPU
		{56BBE344-30D6-4CE6-9C17-7AB68B54276A}.Release|Any CPU.Build.0 = Release|Any CPU
		{C697DAE6-BA9D-46FF-B7DA-22C947571A99}.Debug|Any CPU.ActiveCfg = Debug|Any CPU
		{C697DAE6-BA9D-46FF-B7DA-22C947571A99}.Debug|Any CPU.Build.0 = Debug|Any CPU
		{C697DAE6-BA9D-46FF-B7DA-22C947571A99}.Release|Any CPU.ActiveCfg = Release|Any CPU
		{C697DAE6-BA9D-46FF-B7DA-22C947571A99}.Release|Any CPU.Build.0 = Release|Any CPU
	EndGlobalSection
	GlobalSection(SolutionProperties) = preSolution
		HideSolutionNode = FALSE
	EndGlobalSection
	GlobalSection(ExtensibilityGlobals) = postSolution
		SolutionGuid = {98846B60-CBDB-4756-8E50-D616E5B3508F}
	EndGlobalSection
EndGlobal
