
Microsoft Visual Studio Solution File, Format Version 12.00
# Visual Studio Version 16
VisualStudioVersion = 16.0.29123.88
MinimumVisualStudioVersion = 10.0.40219.1
Project("{FAE04EC0-301F-11D3-BF4B-00C04F79EFBC}") = "Services.STS.Host", "Services.STS.Host\Services.STS.Host.csproj", "{6498F65D-07EB-44A5-9DB8-8B1264162D4A}"
EndProject
Project("{FAE04EC0-301F-11D3-BF4B-00C04F79EFBC}") = "IDMAdmin", "IDMAdmin\IDMAdmin.csproj", "{151C4FCD-B6E5-4929-B1F6-44C91E0FCBE5}"
EndProject
Project("{FAE04EC0-301F-11D3-BF4B-00C04F79EFBC}") = "IdmApi", "IdmApi\IdmApi.csproj", "{1C763F48-CFA9-47E5-AFD2-2386583EBDD7}"
EndProject
Project("{FAE04EC0-301F-11D3-BF4B-00C04F79EFBC}") = "ContainerFramework.Data", "ContainerFramework.Data\ContainerFramework.Data.csproj", "{A768B4BD-FDE8-4B5D-859A-050231F8F8E7}"
EndProject
Project("{FAE04EC0-301F-11D3-BF4B-00C04F79EFBC}") = "BdPortal.Configuration", "BdPortal.Configuration\BdPortal.Configuration.csproj", "{1B361B6E-5BE0-4E50-B908-A627BC68BA67}"
EndProject
Project("{FAE04EC0-301F-11D3-BF4B-00C04F79EFBC}") = "BD.MedView.Services", "BD.MedView.Services\BD.MedView.Services.csproj", "{C76E7F97-71EA-4987-8F80-D42B3F259EC0}"
EndProject
Project("{9A19103F-16F7-4668-BE54-9A1E7A4F7556}") = "BD.MedView.Web", "BD.MedView.Web\BD.MedView.Web.csproj", "{EBB9D6CC-742B-4A90-8A9A-E30ACDEA2BA0}"
EndProject
Project("{9A19103F-16F7-4668-BE54-9A1E7A4F7556}") = "BD.MedView.Web.TV", "BD.MedView.Web.TV\BD.MedView.Web.TV.csproj", "{4013FD7F-C3D0-4171-8B04-C5640E938393}"
EndProject
Project("{00D1A9C2-B5F0-4AF3-8072-F6C62B433612}") = "IDM3Database", "IDM3Database\IDM3Database.sqlproj", "{73D946F8-07E5-43B1-991F-C8DBB5BFDD6F}"
EndProject
Project("{2150E333-8FDC-42A3-9474-1A3956D46DE8}") = "Solution Items", "Solution Items", "{5BB3E564-6872-4C6E-82AE-8E6292E74E2E}"
	ProjectSection(SolutionItems) = preProject
		Readme.txt = Readme.txt
	EndProjectSection
EndProject
Project("{FAE04EC0-301F-11D3-BF4B-00C04F79EFBC}") = "ConsoleApp1", "ConsoleApp1\ConsoleApp1.csproj", "{27A05108-2EAD-4E3E-9098-1E270A3A02B9}"
EndProject
Project("{2150E333-8FDC-42A3-9474-1A3956D46DE8}") = "Web", "Web", "{A09852A0-945F-4C2C-947C-CEE393A48CA8}"
EndProject
Project("{2150E333-8FDC-42A3-9474-1A3956D46DE8}") = "Db", "Db", "{C4FD173B-59DB-47FE-AE11-1C8DC4B386A2}"
EndProject
Project("{2150E333-8FDC-42A3-9474-1A3956D46DE8}") = "Util", "Util", "{33A230E0-93D9-48D9-AC83-ADE9ACDA34B5}"
EndProject
Project("{FAE04EC0-301F-11D3-BF4B-00C04F79EFBC}") = "WebApplication1", "WebApplication1\WebApplication1.csproj", "{0B66B266-DA5E-4473-9B7F-FB9232D41BAC}"
EndProject
Project("{FAE04EC0-301F-11D3-BF4B-00C04F79EFBC}") = "WebApplication2", "WebApplication2\WebApplication2.csproj", "{E7AAF769-FC46-4502-9A73-543D662E3FC0}"
EndProject
Project("{00D1A9C2-B5F0-4AF3-8072-F6C62B433612}") = "BdPortal.Database", "BdPortal.Database\BdPortal.Database.sqlproj", "{7950FD7D-6B47-473F-8B76-42B44D0A45BE}"
EndProject
Project("{00D1A9C2-B5F0-4AF3-8072-F6C62B433612}") = "ContainerFramework.Database", "ContainerFramework.Database\ContainerFramework.Database.sqlproj", "{CC15B46C-0C14-4A32-BA29-B6B12D84BF3D}"
EndProject
Project("{00D1A9C2-B5F0-4AF3-8072-F6C62B433612}") = "BD.MedView.Database", "BD.MedView.Database\BD.MedView.Database.sqlproj", "{EAA875BA-8DB9-4944-9D61-8DCB82139BC6}"
EndProject
Global
	GlobalSection(SolutionConfigurationPlatforms) = preSolution
		Debug|Any CPU = Debug|Any CPU
		Release|Any CPU = Release|Any CPU
	EndGlobalSection
	GlobalSection(ProjectConfigurationPlatforms) = postSolution
		{6498F65D-07EB-44A5-9DB8-8B1264162D4A}.Debug|Any CPU.ActiveCfg = Debug|Any CPU
		{6498F65D-07EB-44A5-9DB8-8B1264162D4A}.Debug|Any CPU.Build.0 = Debug|Any CPU
		{6498F65D-07EB-44A5-9DB8-8B1264162D4A}.Release|Any CPU.ActiveCfg = Release|Any CPU
		{6498F65D-07EB-44A5-9DB8-8B1264162D4A}.Release|Any CPU.Build.0 = Release|Any CPU
		{151C4FCD-B6E5-4929-B1F6-44C91E0FCBE5}.Debug|Any CPU.ActiveCfg = Debug|Any CPU
		{151C4FCD-B6E5-4929-B1F6-44C91E0FCBE5}.Debug|Any CPU.Build.0 = Debug|Any CPU
		{151C4FCD-B6E5-4929-B1F6-44C91E0FCBE5}.Release|Any CPU.ActiveCfg = Release|Any CPU
		{151C4FCD-B6E5-4929-B1F6-44C91E0FCBE5}.Release|Any CPU.Build.0 = Release|Any CPU
		{1C763F48-CFA9-47E5-AFD2-2386583EBDD7}.Debug|Any CPU.ActiveCfg = Debug|Any CPU
		{1C763F48-CFA9-47E5-AFD2-2386583EBDD7}.Debug|Any CPU.Build.0 = Debug|Any CPU
		{1C763F48-CFA9-47E5-AFD2-2386583EBDD7}.Release|Any CPU.ActiveCfg = Release|Any CPU
		{1C763F48-CFA9-47E5-AFD2-2386583EBDD7}.Release|Any CPU.Build.0 = Release|Any CPU
		{A768B4BD-FDE8-4B5D-859A-050231F8F8E7}.Debug|Any CPU.ActiveCfg = Debug|Any CPU
		{A768B4BD-FDE8-4B5D-859A-050231F8F8E7}.Debug|Any CPU.Build.0 = Debug|Any CPU
		{A768B4BD-FDE8-4B5D-859A-050231F8F8E7}.Release|Any CPU.ActiveCfg = Release|Any CPU
		{A768B4BD-FDE8-4B5D-859A-050231F8F8E7}.Release|Any CPU.Build.0 = Release|Any CPU
		{1B361B6E-5BE0-4E50-B908-A627BC68BA67}.Debug|Any CPU.ActiveCfg = Debug|Any CPU
		{1B361B6E-5BE0-4E50-B908-A627BC68BA67}.Debug|Any CPU.Build.0 = Debug|Any CPU
		{1B361B6E-5BE0-4E50-B908-A627BC68BA67}.Release|Any CPU.ActiveCfg = Release|Any CPU
		{1B361B6E-5BE0-4E50-B908-A627BC68BA67}.Release|Any CPU.Build.0 = Release|Any CPU
		{C76E7F97-71EA-4987-8F80-D42B3F259EC0}.Debug|Any CPU.ActiveCfg = Debug|Any CPU
		{C76E7F97-71EA-4987-8F80-D42B3F259EC0}.Debug|Any CPU.Build.0 = Debug|Any CPU
		{C76E7F97-71EA-4987-8F80-D42B3F259EC0}.Release|Any CPU.ActiveCfg = Release|Any CPU
		{C76E7F97-71EA-4987-8F80-D42B3F259EC0}.Release|Any CPU.Build.0 = Release|Any CPU
		{EBB9D6CC-742B-4A90-8A9A-E30ACDEA2BA0}.Debug|Any CPU.ActiveCfg = Debug|Any CPU
		{EBB9D6CC-742B-4A90-8A9A-E30ACDEA2BA0}.Debug|Any CPU.Build.0 = Debug|Any CPU
		{EBB9D6CC-742B-4A90-8A9A-E30ACDEA2BA0}.Release|Any CPU.ActiveCfg = Release|Any CPU
		{EBB9D6CC-742B-4A90-8A9A-E30ACDEA2BA0}.Release|Any CPU.Build.0 = Release|Any CPU
		{4013FD7F-C3D0-4171-8B04-C5640E938393}.Debug|Any CPU.ActiveCfg = Debug|Any CPU
		{4013FD7F-C3D0-4171-8B04-C5640E938393}.Debug|Any CPU.Build.0 = Debug|Any CPU
		{4013FD7F-C3D0-4171-8B04-C5640E938393}.Release|Any CPU.ActiveCfg = Release|Any CPU
		{4013FD7F-C3D0-4171-8B04-C5640E938393}.Release|Any CPU.Build.0 = Release|Any CPU
		{73D946F8-07E5-43B1-991F-C8DBB5BFDD6F}.Debug|Any CPU.ActiveCfg = Debug|Any CPU
		{73D946F8-07E5-43B1-991F-C8DBB5BFDD6F}.Debug|Any CPU.Build.0 = Debug|Any CPU
		{73D946F8-07E5-43B1-991F-C8DBB5BFDD6F}.Debug|Any CPU.Deploy.0 = Debug|Any CPU
		{73D946F8-07E5-43B1-991F-C8DBB5BFDD6F}.Release|Any CPU.ActiveCfg = Release|Any CPU
		{73D946F8-07E5-43B1-991F-C8DBB5BFDD6F}.Release|Any CPU.Build.0 = Release|Any CPU
		{73D946F8-07E5-43B1-991F-C8DBB5BFDD6F}.Release|Any CPU.Deploy.0 = Release|Any CPU
		{27A05108-2EAD-4E3E-9098-1E270A3A02B9}.Debug|Any CPU.ActiveCfg = Debug|Any CPU
		{27A05108-2EAD-4E3E-9098-1E270A3A02B9}.Debug|Any CPU.Build.0 = Debug|Any CPU
		{27A05108-2EAD-4E3E-9098-1E270A3A02B9}.Release|Any CPU.ActiveCfg = Release|Any CPU
		{27A05108-2EAD-4E3E-9098-1E270A3A02B9}.Release|Any CPU.Build.0 = Release|Any CPU
		{0B66B266-DA5E-4473-9B7F-FB9232D41BAC}.Debug|Any CPU.ActiveCfg = Debug|Any CPU
		{0B66B266-DA5E-4473-9B7F-FB9232D41BAC}.Debug|Any CPU.Build.0 = Debug|Any CPU
		{0B66B266-DA5E-4473-9B7F-FB9232D41BAC}.Release|Any CPU.ActiveCfg = Release|Any CPU
		{0B66B266-DA5E-4473-9B7F-FB9232D41BAC}.Release|Any CPU.Build.0 = Release|Any CPU
		{E7AAF769-FC46-4502-9A73-543D662E3FC0}.Debug|Any CPU.ActiveCfg = Debug|Any CPU
		{E7AAF769-FC46-4502-9A73-543D662E3FC0}.Debug|Any CPU.Build.0 = Debug|Any CPU
		{E7AAF769-FC46-4502-9A73-543D662E3FC0}.Release|Any CPU.ActiveCfg = Release|Any CPU
		{E7AAF769-FC46-4502-9A73-543D662E3FC0}.Release|Any CPU.Build.0 = Release|Any CPU
		{7950FD7D-6B47-473F-8B76-42B44D0A45BE}.Debug|Any CPU.ActiveCfg = Debug|Any CPU
		{7950FD7D-6B47-473F-8B76-42B44D0A45BE}.Debug|Any CPU.Build.0 = Debug|Any CPU
		{7950FD7D-6B47-473F-8B76-42B44D0A45BE}.Debug|Any CPU.Deploy.0 = Debug|Any CPU
		{7950FD7D-6B47-473F-8B76-42B44D0A45BE}.Release|Any CPU.ActiveCfg = Release|Any CPU
		{7950FD7D-6B47-473F-8B76-42B44D0A45BE}.Release|Any CPU.Build.0 = Release|Any CPU
		{7950FD7D-6B47-473F-8B76-42B44D0A45BE}.Release|Any CPU.Deploy.0 = Release|Any CPU
		{CC15B46C-0C14-4A32-BA29-B6B12D84BF3D}.Debug|Any CPU.ActiveCfg = Debug|Any CPU
		{CC15B46C-0C14-4A32-BA29-B6B12D84BF3D}.Debug|Any CPU.Build.0 = Debug|Any CPU
		{CC15B46C-0C14-4A32-BA29-B6B12D84BF3D}.Debug|Any CPU.Deploy.0 = Debug|Any CPU
		{CC15B46C-0C14-4A32-BA29-B6B12D84BF3D}.Release|Any CPU.ActiveCfg = Release|Any CPU
		{CC15B46C-0C14-4A32-BA29-B6B12D84BF3D}.Release|Any CPU.Build.0 = Release|Any CPU
		{CC15B46C-0C14-4A32-BA29-B6B12D84BF3D}.Release|Any CPU.Deploy.0 = Release|Any CPU
		{EAA875BA-8DB9-4944-9D61-8DCB82139BC6}.Debug|Any CPU.ActiveCfg = Debug|Any CPU
		{EAA875BA-8DB9-4944-9D61-8DCB82139BC6}.Debug|Any CPU.Build.0 = Debug|Any CPU
		{EAA875BA-8DB9-4944-9D61-8DCB82139BC6}.Debug|Any CPU.Deploy.0 = Debug|Any CPU
		{EAA875BA-8DB9-4944-9D61-8DCB82139BC6}.Release|Any CPU.ActiveCfg = Release|Any CPU
		{EAA875BA-8DB9-4944-9D61-8DCB82139BC6}.Release|Any CPU.Build.0 = Release|Any CPU
		{EAA875BA-8DB9-4944-9D61-8DCB82139BC6}.Release|Any CPU.Deploy.0 = Release|Any CPU
	EndGlobalSection
	GlobalSection(SolutionProperties) = preSolution
		HideSolutionNode = FALSE
	EndGlobalSection
	GlobalSection(NestedProjects) = preSolution
		{6498F65D-07EB-44A5-9DB8-8B1264162D4A} = {A09852A0-945F-4C2C-947C-CEE393A48CA8}
		{151C4FCD-B6E5-4929-B1F6-44C91E0FCBE5} = {A09852A0-945F-4C2C-947C-CEE393A48CA8}
		{1C763F48-CFA9-47E5-AFD2-2386583EBDD7} = {A09852A0-945F-4C2C-947C-CEE393A48CA8}
		{A768B4BD-FDE8-4B5D-859A-050231F8F8E7} = {A09852A0-945F-4C2C-947C-CEE393A48CA8}
		{1B361B6E-5BE0-4E50-B908-A627BC68BA67} = {A09852A0-945F-4C2C-947C-CEE393A48CA8}
		{C76E7F97-71EA-4987-8F80-D42B3F259EC0} = {A09852A0-945F-4C2C-947C-CEE393A48CA8}
		{EBB9D6CC-742B-4A90-8A9A-E30ACDEA2BA0} = {A09852A0-945F-4C2C-947C-CEE393A48CA8}
		{4013FD7F-C3D0-4171-8B04-C5640E938393} = {A09852A0-945F-4C2C-947C-CEE393A48CA8}
		{73D946F8-07E5-43B1-991F-C8DBB5BFDD6F} = {C4FD173B-59DB-47FE-AE11-1C8DC4B386A2}
		{27A05108-2EAD-4E3E-9098-1E270A3A02B9} = {33A230E0-93D9-48D9-AC83-ADE9ACDA34B5}
		{0B66B266-DA5E-4473-9B7F-FB9232D41BAC} = {33A230E0-93D9-48D9-AC83-ADE9ACDA34B5}
		{E7AAF769-FC46-4502-9A73-543D662E3FC0} = {33A230E0-93D9-48D9-AC83-ADE9ACDA34B5}
		{7950FD7D-6B47-473F-8B76-42B44D0A45BE} = {C4FD173B-59DB-47FE-AE11-1C8DC4B386A2}
		{CC15B46C-0C14-4A32-BA29-B6B12D84BF3D} = {C4FD173B-59DB-47FE-AE11-1C8DC4B386A2}
		{EAA875BA-8DB9-4944-9D61-8DCB82139BC6} = {C4FD173B-59DB-47FE-AE11-1C8DC4B386A2}
	EndGlobalSection
	GlobalSection(ExtensibilityGlobals) = postSolution
		SolutionGuid = {91E71FCA-6B4C-4DF7-B351-B5BF833F8C17}
	EndGlobalSection
EndGlobal
