
Microsoft Visual Studio Solution File, Format Version 12.00
# Visual Studio 15
VisualStudioVersion = 15.0.28307.421
MinimumVisualStudioVersion = 10.0.40219.1
Project("{FAE04EC0-301F-11D3-BF4B-00C04F79EFBC}") = "ConsoleApp1", "ConsoleApp1\ConsoleApp1.csproj", "{73BE7D50-D5B4-4C86-B032-8F7A26A1EEE2}"
EndProject
Project("{2150E333-8FDC-42A3-9474-1A3956D46DE8}") = "Solution Items", "Solution Items", "{120B3D7C-1589-4668-A75C-5B24597EA35D}"
	ProjectSection(SolutionItems) = preProject
		Readme.txt = Readme.txt
	EndProjectSection
EndProject
Project("{FAE04EC0-301F-11D3-BF4B-00C04F79EFBC}") = "ConsoleApp2", "ConsoleApp2\ConsoleApp2.csproj", "{5564CF54-911F-4FC3-9A21-C45CB500E1CA}"
EndProject
Project("{FAE04EC0-301F-11D3-BF4B-00C04F79EFBC}") = "ConsoleApp3", "ConsoleApp3\ConsoleApp3.csproj", "{DB1E3437-D5D5-4BB0-AA83-2050EBB8EE9C}"
EndProject
Global
	GlobalSection(SolutionConfigurationPlatforms) = preSolution
		Debug|Any CPU = Debug|Any CPU
		Release|Any CPU = Release|Any CPU
	EndGlobalSection
	GlobalSection(ProjectConfigurationPlatforms) = postSolution
		{73BE7D50-D5B4-4C86-B032-8F7A26A1EEE2}.Debug|Any CPU.ActiveCfg = Debug|Any CPU
		{73BE7D50-D5B4-4C86-B032-8F7A26A1EEE2}.Debug|Any CPU.Build.0 = Debug|Any CPU
		{73BE7D50-D5B4-4C86-B032-8F7A26A1EEE2}.Release|Any CPU.ActiveCfg = Release|Any CPU
		{73BE7D50-D5B4-4C86-B032-8F7A26A1EEE2}.Release|Any CPU.Build.0 = Release|Any CPU
		{5564CF54-911F-4FC3-9A21-C45CB500E1CA}.Debug|Any CPU.ActiveCfg = Debug|Any CPU
		{5564CF54-911F-4FC3-9A21-C45CB500E1CA}.Debug|Any CPU.Build.0 = Debug|Any CPU
		{5564CF54-911F-4FC3-9A21-C45CB500E1CA}.Release|Any CPU.ActiveCfg = Release|Any CPU
		{5564CF54-911F-4FC3-9A21-C45CB500E1CA}.Release|Any CPU.Build.0 = Release|Any CPU
		{DB1E3437-D5D5-4BB0-AA83-2050EBB8EE9C}.Debug|Any CPU.ActiveCfg = Debug|Any CPU
		{DB1E3437-D5D5-4BB0-AA83-2050EBB8EE9C}.Debug|Any CPU.Build.0 = Debug|Any CPU
		{DB1E3437-D5D5-4BB0-AA83-2050EBB8EE9C}.Release|Any CPU.ActiveCfg = Release|Any CPU
		{DB1E3437-D5D5-4BB0-AA83-2050EBB8EE9C}.Release|Any CPU.Build.0 = Release|Any CPU
	EndGlobalSection
	GlobalSection(SolutionProperties) = preSolution
		HideSolutionNode = FALSE
	EndGlobalSection
	GlobalSection(ExtensibilityGlobals) = postSolution
		SolutionGuid = {FDB800E5-F694-414E-825A-7398C048496D}
	EndGlobalSection
EndGlobal
