
Microsoft Visual Studio Solution File, Format Version 12.00
# Visual Studio Version 16
VisualStudioVersion = 16.0.29009.5
MinimumVisualStudioVersion = 10.0.40219.1
Project("{9A19103F-16F7-4668-BE54-9A1E7A4F7556}") = "ConsoleApp1", "ConsoleApp1\ConsoleApp1.csproj", "{78F3DB2A-164C-47EB-9339-B5C7E93485C6}"
EndProject
Project("{FAE04EC0-301F-11D3-BF4B-00C04F79EFBC}") = "ConsoleApp2", "ConsoleApp2\ConsoleApp2.csproj", "{D6555E44-64E6-4663-A09C-18759B44D837}"
EndProject
Project("{2150E333-8FDC-42A3-9474-1A3956D46DE8}") = "Solution Items", "Solution Items", "{18197771-4BBD-4157-8651-9D7DCB222A95}"
	ProjectSection(SolutionItems) = preProject
		Readme.txt = Readme.txt
	EndProjectSection
EndProject
Project("{FAE04EC0-301F-11D3-BF4B-00C04F79EFBC}") = "ConsoleApp3", "ConsoleApp3\ConsoleApp3.csproj", "{B37D5E4B-09D8-4159-9B41-A783749DC5CA}"
EndProject
Global
	GlobalSection(SolutionConfigurationPlatforms) = preSolution
		Debug|Any CPU = Debug|Any CPU
		Release|Any CPU = Release|Any CPU
	EndGlobalSection
	GlobalSection(ProjectConfigurationPlatforms) = postSolution
		{78F3DB2A-164C-47EB-9339-B5C7E93485C6}.Debug|Any CPU.ActiveCfg = Debug|Any CPU
		{78F3DB2A-164C-47EB-9339-B5C7E93485C6}.Debug|Any CPU.Build.0 = Debug|Any CPU
		{78F3DB2A-164C-47EB-9339-B5C7E93485C6}.Release|Any CPU.ActiveCfg = Release|Any CPU
		{78F3DB2A-164C-47EB-9339-B5C7E93485C6}.Release|Any CPU.Build.0 = Release|Any CPU
		{D6555E44-64E6-4663-A09C-18759B44D837}.Debug|Any CPU.ActiveCfg = Debug|Any CPU
		{D6555E44-64E6-4663-A09C-18759B44D837}.Debug|Any CPU.Build.0 = Debug|Any CPU
		{D6555E44-64E6-4663-A09C-18759B44D837}.Release|Any CPU.ActiveCfg = Release|Any CPU
		{D6555E44-64E6-4663-A09C-18759B44D837}.Release|Any CPU.Build.0 = Release|Any CPU
		{B37D5E4B-09D8-4159-9B41-A783749DC5CA}.Debug|Any CPU.ActiveCfg = Debug|Any CPU
		{B37D5E4B-09D8-4159-9B41-A783749DC5CA}.Debug|Any CPU.Build.0 = Debug|Any CPU
		{B37D5E4B-09D8-4159-9B41-A783749DC5CA}.Release|Any CPU.ActiveCfg = Release|Any CPU
		{B37D5E4B-09D8-4159-9B41-A783749DC5CA}.Release|Any CPU.Build.0 = Release|Any CPU
	EndGlobalSection
	GlobalSection(SolutionProperties) = preSolution
		HideSolutionNode = FALSE
	EndGlobalSection
	GlobalSection(ExtensibilityGlobals) = postSolution
		SolutionGuid = {AAA68E79-5F5A-4F01-BD32-96BB36AB06B8}
	EndGlobalSection
EndGlobal
